
Microsoft Visual Studio Solution File, Format Version 12.00
# Visual Studio 2013
VisualStudioVersion = 12.0.31101.0
MinimumVisualStudioVersion = 10.0.40219.1
Project("{FAE04EC0-301F-11D3-BF4B-00C04F79EFBC}") = "MotoBarScan", "MotoBarScan\MotoBarScan.csproj", "{8265D008-10A8-409C-9727-089BB13B5757}"
EndProject
Project("{2150E333-8FDC-42A3-9474-1A3956D46DE8}") = "Solution Items", "Solution Items", "{549D09ED-9FD7-4365-A2EB-1191CFD3C94C}"
	ProjectSection(SolutionItems) = preProject
		license.md = license.md
		readme.md = readme.md
	EndProjectSection
EndProject
Global
	GlobalSection(SolutionConfigurationPlatforms) = preSolution
		Debug|Any CPU = Debug|Any CPU
		Debug|x86 = Debug|x86
		Release|Any CPU = Release|Any CPU
		Release|x86 = Release|x86
	EndGlobalSection
	GlobalSection(ProjectConfigurationPlatforms) = postSolution
		{8265D008-10A8-409C-9727-089BB13B5757}.Debug|Any CPU.ActiveCfg = Debug|Any CPU
		{8265D008-10A8-409C-9727-089BB13B5757}.Debug|Any CPU.Build.0 = Debug|Any CPU
		{8265D008-10A8-409C-9727-089BB13B5757}.Debug|x86.ActiveCfg = Debug|x86
		{8265D008-10A8-409C-9727-089BB13B5757}.Debug|x86.Build.0 = Debug|x86
		{8265D008-10A8-409C-9727-089BB13B5757}.Release|Any CPU.ActiveCfg = Release|Any CPU
		{8265D008-10A8-409C-9727-089BB13B5757}.Release|Any CPU.Build.0 = Release|Any CPU
		{8265D008-10A8-409C-9727-089BB13B5757}.Release|x86.ActiveCfg = Release|x86
		{8265D008-10A8-409C-9727-089BB13B5757}.Release|x86.Build.0 = Release|x86
	EndGlobalSection
	GlobalSection(SolutionProperties) = preSolution
		HideSolutionNode = FALSE
	EndGlobalSection
EndGlobal
